("quicklisp" .
 (:class qlot/source/dist:source-dist
  :initargs (:distribution "https://beta.quicklisp.org/dist/quicklisp.txt" :%version :latest)
  :version "2026-01-01"))
("cliff" .
 (:class qlot/source/github:source-github
  :initargs (:repos "djha-skin/cliff" :ref nil :branch nil :tag nil)
  :version "github-0ad33c69cb4e33b3f20aa718c82fb6639acd995d"))
("nrdl" .
 (:class qlot/source/github:source-github
  :initargs (:repos "djha-skin/nrdl" :ref nil :branch nil :tag nil)
  :version "github-a2c00234601d05eea245c9ead54ec6d9bcfa4749"))
("quri" .
 (:class qlot/source/ql:source-ql
  :initargs (:%version :latest)
  :version "ql-2026-01-01"))
("split-sequence" .
 (:class qlot/source/ql:source-ql
  :initargs (:%version :latest)
  :version "ql-2021-05-31"))
